
Microsoft Visual Studio Solution File, Format Version 12.00
# Visual Studio Version 16
VisualStudioVersion = 16.0.30717.126
MinimumVisualStudioVersion = 10.0.40219.1
Project("{FAE04EC0-301F-11D3-BF4B-00C04F79EFBC}") = "ExamenAdoNetJavierLopez", "ExamenAdoNetJavierLopez\ExamenAdoNetJavierLopez.csproj", "{138C20D4-5D3E-4C73-8351-8AFBD8BC2B8F}"
EndProject
Global
	GlobalSection(SolutionConfigurationPlatforms) = preSolution
		Debug|Any CPU = Debug|Any CPU
		Release|Any CPU = Release|Any CPU
	EndGlobalSection
	GlobalSection(ProjectConfigurationPlatforms) = postSolution
		{138C20D4-5D3E-4C73-8351-8AFBD8BC2B8F}.Debug|Any CPU.ActiveCfg = Debug|Any CPU
		{138C20D4-5D3E-4C73-8351-8AFBD8BC2B8F}.Debug|Any CPU.Build.0 = Debug|Any CPU
		{138C20D4-5D3E-4C73-8351-8AFBD8BC2B8F}.Release|Any CPU.ActiveCfg = Release|Any CPU
		{138C20D4-5D3E-4C73-8351-8AFBD8BC2B8F}.Release|Any CPU.Build.0 = Release|Any CPU
	EndGlobalSection
	GlobalSection(SolutionProperties) = preSolution
		HideSolutionNode = FALSE
	EndGlobalSection
	GlobalSection(ExtensibilityGlobals) = postSolution
		SolutionGuid = {66339BE5-5A4A-4808-8579-3857089F7095}
	EndGlobalSection
EndGlobal
